
Microsoft Visual Studio Solution File, Format Version 11.00
# Visual Studio 2010
Project("{8BC9CEB8-8B4A-11D0-8D11-00A0C91BC942}") = "Sudoku", "Sudoku\Sudoku.vcxproj", "{872AFA80-70A4-4653-93F5-0182AC55192C}"
EndProject
Global
	GlobalSection(SolutionConfigurationPlatforms) = preSolution
		Debug|Win32 = Debug|Win32
		Release|Win32 = Release|Win32
	EndGlobalSection
	GlobalSection(ProjectConfigurationPlatforms) = postSolution
		{872AFA80-70A4-4653-93F5-0182AC55192C}.Debug|Win32.ActiveCfg = Debug|Win32
		{872AFA80-70A4-4653-93F5-0182AC55192C}.Debug|Win32.Build.0 = Debug|Win32
		{872AFA80-70A4-4653-93F5-0182AC55192C}.Release|Win32.ActiveCfg = Release|Win32
		{872AFA80-70A4-4653-93F5-0182AC55192C}.Release|Win32.Build.0 = Release|Win32
	EndGlobalSection
	GlobalSection(SolutionProperties) = preSolution
		HideSolutionNode = FALSE
	EndGlobalSection
EndGlobal
